
Microsoft Visual Studio Solution File, Format Version 12.00
# Visual Studio Version 16
VisualStudioVersion = 16.0.32228.343
MinimumVisualStudioVersion = 10.0.40219.1
Project("{9A19103F-16F7-4668-BE54-9A1E7A4F7556}") = "Abstraction", "Abstraction\Abstraction.csproj", "{413AF6F4-8D03-4CC0-868D-DD84E87BDA73}"
EndProject
Project("{FAE04EC0-301F-11D3-BF4B-00C04F79EFBC}") = "Abstract_propertise", "Abstract_propertise\Abstract_propertise.csproj", "{218C57ED-5BAA-4666-99B4-4F61503EAC90}"
EndProject
Global
	GlobalSection(SolutionConfigurationPlatforms) = preSolution
		Debug|Any CPU = Debug|Any CPU
		Release|Any CPU = Release|Any CPU
	EndGlobalSection
	GlobalSection(ProjectConfigurationPlatforms) = postSolution
		{413AF6F4-8D03-4CC0-868D-DD84E87BDA73}.Debug|Any CPU.ActiveCfg = Debug|Any CPU
		{413AF6F4-8D03-4CC0-868D-DD84E87BDA73}.Debug|Any CPU.Build.0 = Debug|Any CPU
		{413AF6F4-8D03-4CC0-868D-DD84E87BDA73}.Release|Any CPU.ActiveCfg = Release|Any CPU
		{413AF6F4-8D03-4CC0-868D-DD84E87BDA73}.Release|Any CPU.Build.0 = Release|Any CPU
		{218C57ED-5BAA-4666-99B4-4F61503EAC90}.Debug|Any CPU.ActiveCfg = Debug|Any CPU
		{218C57ED-5BAA-4666-99B4-4F61503EAC90}.Debug|Any CPU.Build.0 = Debug|Any CPU
		{218C57ED-5BAA-4666-99B4-4F61503EAC90}.Release|Any CPU.ActiveCfg = Release|Any CPU
		{218C57ED-5BAA-4666-99B4-4F61503EAC90}.Release|Any CPU.Build.0 = Release|Any CPU
	EndGlobalSection
	GlobalSection(SolutionProperties) = preSolution
		HideSolutionNode = FALSE
	EndGlobalSection
	GlobalSection(ExtensibilityGlobals) = postSolution
		SolutionGuid = {BB9B3C8E-3532-478D-80A0-351AAE9397F7}
	EndGlobalSection
EndGlobal
